
Microsoft Visual Studio Solution File, Format Version 12.00
# Visual Studio Version 17
VisualStudioVersion = 17.8.34330.188
MinimumVisualStudioVersion = 10.0.40219.1
Project("{FAE04EC0-301F-11D3-BF4B-00C04F79EFBC}") = "TGW.ConsoleApp", "TGW.ConsoleApp\TGW.ConsoleApp.csproj", "{2FDE4246-9E9F-4ED2-888B-62B71F294EA8}"
EndProject
Project("{FAE04EC0-301F-11D3-BF4B-00C04F79EFBC}") = "TGW.WebApi", "TGW.WebApi\TGW.WebApi.csproj", "{6FCBD484-21A4-4422-A50B-F6284B6AE7C4}"
EndProject
Project("{FAE04EC0-301F-11D3-BF4B-00C04F79EFBC}") = "TGW.BirdWebApi", "TGW.BirdWebApi\TGW.BirdWebApi.csproj", "{58C3CA42-ED4C-45D5-B5AB-4E92236655EA}"
EndProject
Global
	GlobalSection(SolutionConfigurationPlatforms) = preSolution
		Debug|Any CPU = Debug|Any CPU
		Release|Any CPU = Release|Any CPU
	EndGlobalSection
	GlobalSection(ProjectConfigurationPlatforms) = postSolution
		{2FDE4246-9E9F-4ED2-888B-62B71F294EA8}.Debug|Any CPU.ActiveCfg = Debug|Any CPU
		{2FDE4246-9E9F-4ED2-888B-62B71F294EA8}.Debug|Any CPU.Build.0 = Debug|Any CPU
		{2FDE4246-9E9F-4ED2-888B-62B71F294EA8}.Release|Any CPU.ActiveCfg = Release|Any CPU
		{2FDE4246-9E9F-4ED2-888B-62B71F294EA8}.Release|Any CPU.Build.0 = Release|Any CPU
		{6FCBD484-21A4-4422-A50B-F6284B6AE7C4}.Debug|Any CPU.ActiveCfg = Debug|Any CPU
		{6FCBD484-21A4-4422-A50B-F6284B6AE7C4}.Debug|Any CPU.Build.0 = Debug|Any CPU
		{6FCBD484-21A4-4422-A50B-F6284B6AE7C4}.Release|Any CPU.ActiveCfg = Release|Any CPU
		{6FCBD484-21A4-4422-A50B-F6284B6AE7C4}.Release|Any CPU.Build.0 = Release|Any CPU
		{58C3CA42-ED4C-45D5-B5AB-4E92236655EA}.Debug|Any CPU.ActiveCfg = Debug|Any CPU
		{58C3CA42-ED4C-45D5-B5AB-4E92236655EA}.Debug|Any CPU.Build.0 = Debug|Any CPU
		{58C3CA42-ED4C-45D5-B5AB-4E92236655EA}.Release|Any CPU.ActiveCfg = Release|Any CPU
		{58C3CA42-ED4C-45D5-B5AB-4E92236655EA}.Release|Any CPU.Build.0 = Release|Any CPU
	EndGlobalSection
	GlobalSection(SolutionProperties) = preSolution
		HideSolutionNode = FALSE
	EndGlobalSection
	GlobalSection(ExtensibilityGlobals) = postSolution
		SolutionGuid = {A8257919-30B0-4E45-BCED-914B145E9175}
	EndGlobalSection
EndGlobal
